// !$*UTF8*$!
{
	archiveVersion = 1;
	classes = {
	};
	objectVersion = 56;
	objects = {

/* Begin PBXBuildFile section */
		2F19CEC82C1EEA3700930AE2 /* LetterButton.swift in Sources */ = {isa = PBXBuildFile; fileRef = 2F19CEC72C1EEA3700930AE2 /* LetterButton.swift */; };
		2F19CECA2C1EEF1600930AE2 /* LetterViewModel.swift in Sources */ = {isa = PBXBuildFile; fileRef = 2F19CEC92C1EEF1600930AE2 /* LetterViewModel.swift */; };
		7E1A07D82C1E51CB00E80C40 /* Extensions.swift in Sources */ = {isa = PBXBuildFile; fileRef = 7E1A07D72C1E51CB00E80C40 /* Extensions.swift */; };
		7E6289C02C1D80AF0060B63F /* ASLClassifierModel.mlmodel in Sources */ = {isa = PBXBuildFile; fileRef = 7E6289BF2C1D80AF0060B63F /* ASLClassifierModel.mlmodel */; };
		7E7FC6E72C1CEC6E00C814C8 /* ASLApp.swift in Sources */ = {isa = PBXBuildFile; fileRef = 7E7FC6E62C1CEC6E00C814C8 /* ASLApp.swift */; };
		7E7FC6E92C1CEC6E00C814C8 /* MainScreen.swift in Sources */ = {isa = PBXBuildFile; fileRef = 7E7FC6E82C1CEC6E00C814C8 /* MainScreen.swift */; };
		7E7FC6EB2C1CEC6F00C814C8 /* Assets.xcassets in Resources */ = {isa = PBXBuildFile; fileRef = 7E7FC6EA2C1CEC6F00C814C8 /* Assets.xcassets */; };
		7E7FC6EE2C1CEC6F00C814C8 /* Preview Assets.xcassets in Resources */ = {isa = PBXBuildFile; fileRef = 7E7FC6ED2C1CEC6F00C814C8 /* Preview Assets.xcassets */; };
		7E7FC6F72C1CED0A00C814C8 /* ImagePickerView.swift in Sources */ = {isa = PBXBuildFile; fileRef = 7E7FC6F62C1CED0A00C814C8 /* ImagePickerView.swift */; };
		7E7FC6F92C1CED4E00C814C8 /* ASLClassifier.swift in Sources */ = {isa = PBXBuildFile; fileRef = 7E7FC6F82C1CED4E00C814C8 /* ASLClassifier.swift */; };
		7E7FC6FD2C1CF35000C814C8 /* MyHandPoseClassifier.mlmodel in Sources */ = {isa = PBXBuildFile; fileRef = 7E7FC6FC2C1CF35000C814C8 /* MyHandPoseClassifier.mlmodel */; };
		7EF71FE62C1F0D06009BE2CC /* ASLViewModel.swift in Sources */ = {isa = PBXBuildFile; fileRef = 7EF71FE52C1F0D06009BE2CC /* ASLViewModel.swift */; };
		7EF71FE82C1F12A9009BE2CC /* CameraView.swift in Sources */ = {isa = PBXBuildFile; fileRef = 7EF71FE72C1F12A9009BE2CC /* CameraView.swift */; };
		7EF71FEA2C1F13C6009BE2CC /* BackButton.swift in Sources */ = {isa = PBXBuildFile; fileRef = 7EF71FE92C1F13C6009BE2CC /* BackButton.swift */; };
		7EF71FEC2C1F167F009BE2CC /* AnswerView.swift in Sources */ = {isa = PBXBuildFile; fileRef = 7EF71FEB2C1F167F009BE2CC /* AnswerView.swift */; };
/* End PBXBuildFile section */

/* Begin PBXFileReference section */
		2F19CEC72C1EEA3700930AE2 /* LetterButton.swift */ = {isa = PBXFileReference; lastKnownFileType = sourcecode.swift; path = LetterButton.swift; sourceTree = "<group>"; };
		2F19CEC92C1EEF1600930AE2 /* LetterViewModel.swift */ = {isa = PBXFileReference; lastKnownFileType = sourcecode.swift; path = LetterViewModel.swift; sourceTree = "<group>"; };
		7E1A07D72C1E51CB00E80C40 /* Extensions.swift */ = {isa = PBXFileReference; lastKnownFileType = sourcecode.swift; path = Extensions.swift; sourceTree = "<group>"; };
		7E6289BF2C1D80AF0060B63F /* ASLClassifierModel.mlmodel */ = {isa = PBXFileReference; lastKnownFileType = file.mlmodel; path = ASLClassifierModel.mlmodel; sourceTree = "<group>"; };
		7E7FC6E32C1CEC6E00C814C8 /* ASL.app */ = {isa = PBXFileReference; explicitFileType = wrapper.application; includeInIndex = 0; path = ASL.app; sourceTree = BUILT_PRODUCTS_DIR; };
		7E7FC6E62C1CEC6E00C814C8 /* ASLApp.swift */ = {isa = PBXFileReference; lastKnownFileType = sourcecode.swift; path = ASLApp.swift; sourceTree = "<group>"; };
		7E7FC6E82C1CEC6E00C814C8 /* MainScreen.swift */ = {isa = PBXFileReference; lastKnownFileType = sourcecode.swift; path = MainScreen.swift; sourceTree = "<group>"; };
		7E7FC6EA2C1CEC6F00C814C8 /* Assets.xcassets */ = {isa = PBXFileReference; lastKnownFileType = folder.assetcatalog; path = Assets.xcassets; sourceTree = "<group>"; };
		7E7FC6ED2C1CEC6F00C814C8 /* Preview Assets.xcassets */ = {isa = PBXFileReference; lastKnownFileType = folder.assetcatalog; path = "Preview Assets.xcassets"; sourceTree = "<group>"; };
		7E7FC6F62C1CED0A00C814C8 /* ImagePickerView.swift */ = {isa = PBXFileReference; lastKnownFileType = sourcecode.swift; path = ImagePickerView.swift; sourceTree = "<group>"; };
		7E7FC6F82C1CED4E00C814C8 /* ASLClassifier.swift */ = {isa = PBXFileReference; lastKnownFileType = sourcecode.swift; path = ASLClassifier.swift; sourceTree = "<group>"; };
		7E7FC6FC2C1CF35000C814C8 /* MyHandPoseClassifier.mlmodel */ = {isa = PBXFileReference; lastKnownFileType = file.mlmodel; path = MyHandPoseClassifier.mlmodel; sourceTree = "<group>"; };
		7EF71FE52C1F0D06009BE2CC /* ASLViewModel.swift */ = {isa = PBXFileReference; lastKnownFileType = sourcecode.swift; path = ASLViewModel.swift; sourceTree = "<group>"; };
		7EF71FE72C1F12A9009BE2CC /* CameraView.swift */ = {isa = PBXFileReference; lastKnownFileType = sourcecode.swift; path = CameraView.swift; sourceTree = "<group>"; };
		7EF71FE92C1F13C6009BE2CC /* BackButton.swift */ = {isa = PBXFileReference; lastKnownFileType = sourcecode.swift; path = BackButton.swift; sourceTree = "<group>"; };
		7EF71FEB2C1F167F009BE2CC /* AnswerView.swift */ = {isa = PBXFileReference; lastKnownFileType = sourcecode.swift; path = AnswerView.swift; sourceTree = "<group>"; };
/* End PBXFileReference section */

/* Begin PBXFrameworksBuildPhase section */
		7E7FC6E02C1CEC6E00C814C8 /* Frameworks */ = {
			isa = PBXFrameworksBuildPhase;
			buildActionMask = 2147483647;
			files = (
			);
			runOnlyForDeploymentPostprocessing = 0;
		};
/* End PBXFrameworksBuildPhase section */

/* Begin PBXGroup section */
		7E7FC6DA2C1CEC6E00C814C8 = {
			isa = PBXGroup;
			children = (
				7E7FC6E52C1CEC6E00C814C8 /* ASL */,
				7E7FC6E42C1CEC6E00C814C8 /* Products */,
			);
			sourceTree = "<group>";
		};
		7E7FC6E42C1CEC6E00C814C8 /* Products */ = {
			isa = PBXGroup;
			children = (
				7E7FC6E32C1CEC6E00C814C8 /* ASL.app */,
			);
			name = Products;
			sourceTree = "<group>";
		};
		7E7FC6E52C1CEC6E00C814C8 /* ASL */ = {
			isa = PBXGroup;
			children = (
				7E6289BF2C1D80AF0060B63F /* ASLClassifierModel.mlmodel */,
				7E7FC6FC2C1CF35000C814C8 /* MyHandPoseClassifier.mlmodel */,
				7E7FC6E62C1CEC6E00C814C8 /* ASLApp.swift */,
				7E7FC6E82C1CEC6E00C814C8 /* MainScreen.swift */,
				7EF71FE72C1F12A9009BE2CC /* CameraView.swift */,
				7EF71FEB2C1F167F009BE2CC /* AnswerView.swift */,
				7E7FC6F62C1CED0A00C814C8 /* ImagePickerView.swift */,
				7EF71FE52C1F0D06009BE2CC /* ASLViewModel.swift */,
				2F19CEC72C1EEA3700930AE2 /* LetterButton.swift */,
				7EF71FE92C1F13C6009BE2CC /* BackButton.swift */,
				2F19CEC92C1EEF1600930AE2 /* LetterViewModel.swift */,
				7E7FC6F82C1CED4E00C814C8 /* ASLClassifier.swift */,
				7E1A07D72C1E51CB00E80C40 /* Extensions.swift */,
				7E7FC6EA2C1CEC6F00C814C8 /* Assets.xcassets */,
				7E7FC6EC2C1CEC6F00C814C8 /* Preview Content */,
			);
			path = ASL;
			sourceTree = "<group>";
		};
		7E7FC6EC2C1CEC6F00C814C8 /* Preview Content */ = {
			isa = PBXGroup;
			children = (
				7E7FC6ED2C1CEC6F00C814C8 /* Preview Assets.xcassets */,
			);
			path = "Preview Content";
			sourceTree = "<group>";
		};
/* End PBXGroup section */

/* Begin PBXNativeTarget section */
		7E7FC6E22C1CEC6E00C814C8 /* ASL */ = {
			isa = PBXNativeTarget;
			buildConfigurationList = 7E7FC6F12C1CEC6F00C814C8 /* Build configuration list for PBXNativeTarget "ASL" */;
			buildPhases = (
				7E7FC6DF2C1CEC6E00C814C8 /* Sources */,
				7E7FC6E02C1CEC6E00C814C8 /* Frameworks */,
				7E7FC6E12C1CEC6E00C814C8 /* Resources */,
			);
			buildRules = (
			);
			dependencies = (
			);
			name = ASL;
			productName = ASL;
			productReference = 7E7FC6E32C1CEC6E00C814C8 /* ASL.app */;
			productType = "com.apple.product-type.application";
		};
/* End PBXNativeTarget section */

/* Begin PBXProject section */
		7E7FC6DB2C1CEC6E00C814C8 /* Project object */ = {
			isa = PBXProject;
			attributes = {
				BuildIndependentTargetsInParallel = 1;
				LastSwiftUpdateCheck = 1540;
				LastUpgradeCheck = 1540;
				TargetAttributes = {
					7E7FC6E22C1CEC6E00C814C8 = {
						CreatedOnToolsVersion = 15.4;
					};
				};
			};
			buildConfigurationList = 7E7FC6DE2C1CEC6E00C814C8 /* Build configuration list for PBXProject "ASL" */;
			compatibilityVersion = "Xcode 14.0";
			developmentRegion = en;
			hasScannedForEncodings = 0;
			knownRegions = (
				en,
				Base,
			);
			mainGroup = 7E7FC6DA2C1CEC6E00C814C8;
			productRefGroup = 7E7FC6E42C1CEC6E00C814C8 /* Products */;
			projectDirPath = "";
			projectRoot = "";
			targets = (
				7E7FC6E22C1CEC6E00C814C8 /* ASL */,
			);
		};
/* End PBXProject section */

/* Begin PBXResourcesBuildPhase section */
		7E7FC6E12C1CEC6E00C814C8 /* Resources */ = {
			isa = PBXResourcesBuildPhase;
			buildActionMask = 2147483647;
			files = (
				7E7FC6EE2C1CEC6F00C814C8 /* Preview Assets.xcassets in Resources */,
				7E7FC6EB2C1CEC6F00C814C8 /* Assets.xcassets in Resources */,
			);
			runOnlyForDeploymentPostprocessing = 0;
		};
/* End PBXResourcesBuildPhase section */

/* Begin PBXSourcesBuildPhase section */
		7E7FC6DF2C1CEC6E00C814C8 /* Sources */ = {
			isa = PBXSourcesBuildPhase;
			buildActionMask = 2147483647;
			files = (
				7E6289C02C1D80AF0060B63F /* ASLClassifierModel.mlmodel in Sources */,
				2F19CEC82C1EEA3700930AE2 /* LetterButton.swift in Sources */,
				7EF71FEC2C1F167F009BE2CC /* AnswerView.swift in Sources */,
				7E7FC6F92C1CED4E00C814C8 /* ASLClassifier.swift in Sources */,
				7EF71FE62C1F0D06009BE2CC /* ASLViewModel.swift in Sources */,
				2F19CECA2C1EEF1600930AE2 /* LetterViewModel.swift in Sources */,
				7E7FC6F72C1CED0A00C814C8 /* ImagePickerView.swift in Sources */,
				7E1A07D82C1E51CB00E80C40 /* Extensions.swift in Sources */,
				7EF71FE82C1F12A9009BE2CC /* CameraView.swift in Sources */,
				7EF71FEA2C1F13C6009BE2CC /* BackButton.swift in Sources */,
				7E7FC6E92C1CEC6E00C814C8 /* MainScreen.swift in Sources */,
				7E7FC6E72C1CEC6E00C814C8 /* ASLApp.swift in Sources */,
				7E7FC6FD2C1CF35000C814C8 /* MyHandPoseClassifier.mlmodel in Sources */,
			);
			runOnlyForDeploymentPostprocessing = 0;
		};
/* End PBXSourcesBuildPhase section */

/* Begin XCBuildConfiguration section */
		7E7FC6EF2C1CEC6F00C814C8 /* Debug */ = {
			isa = XCBuildConfiguration;
			buildSettings = {
				ALWAYS_SEARCH_USER_PATHS = NO;
				ASSETCATALOG_COMPILER_GENERATE_SWIFT_ASSET_SYMBOL_EXTENSIONS = YES;
				CLANG_ANALYZER_NONNULL = YES;
				CLANG_ANALYZER_NUMBER_OBJECT_CONVERSION = YES_AGGRESSIVE;
				CLANG_CXX_LANGUAGE_STANDARD = "gnu++20";
				CLANG_ENABLE_MODULES = YES;
				CLANG_ENABLE_OBJC_ARC = YES;
				CLANG_ENABLE_OBJC_WEAK = YES;
				CLANG_WARN_BLOCK_CAPTURE_AUTORELEASING = YES;
				CLANG_WARN_BOOL_CONVERSION = YES;
				CLANG_WARN_COMMA = YES;
				CLANG_WARN_CONSTANT_CONVERSION = YES;
				CLANG_WARN_DEPRECATED_OBJC_IMPLEMENTATIONS = YES;
				CLANG_WARN_DIRECT_OBJC_ISA_USAGE = YES_ERROR;
				CLANG_WARN_DOCUMENTATION_COMMENTS = YES;
				CLANG_WARN_EMPTY_BODY = YES;
				CLANG_WARN_ENUM_CONVERSION = YES;
				CLANG_WARN_INFINITE_RECURSION = YES;
				CLANG_WARN_INT_CONVERSION = YES;
				CLANG_WARN_NON_LITERAL_NULL_CONVERSION = YES;
				CLANG_WARN_OBJC_IMPLICIT_RETAIN_SELF = YES;
				CLANG_WARN_OBJC_LITERAL_CONVERSION = YES;
				CLANG_WARN_OBJC_ROOT_CLASS = YES_ERROR;
				CLANG_WARN_QUOTED_INCLUDE_IN_FRAMEWORK_HEADER = YES;
				CLANG_WARN_RANGE_LOOP_ANALYSIS = YES;
				CLANG_WARN_STRICT_PROTOTYPES = YES;
				CLANG_WARN_SUSPICIOUS_MOVE = YES;
				CLANG_WARN_UNGUARDED_AVAILABILITY = YES_AGGRESSIVE;
				CLANG_WARN_UNREACHABLE_CODE = YES;
				CLANG_WARN__DUPLICATE_METHOD_MATCH = YES;
				COPY_PHASE_STRIP = NO;
				DEBUG_INFORMATION_FORMAT = dwarf;
				ENABLE_STRICT_OBJC_MSGSEND = YES;
				ENABLE_TESTABILITY = YES;
				ENABLE_USER_SCRIPT_SANDBOXING = YES;
				GCC_C_LANGUAGE_STANDARD = gnu17;
				GCC_DYNAMIC_NO_PIC = NO;
				GCC_NO_COMMON_BLOCKS = YES;
				GCC_OPTIMIZATION_LEVEL = 0;
				GCC_PREPROCESSOR_DEFINITIONS = (
					"DEBUG=1",
					"$(inherited)",
				);
				GCC_WARN_64_TO_32_BIT_CONVERSION = YES;
				GCC_WARN_ABOUT_RETURN_TYPE = YES_ERROR;
				GCC_WARN_UNDECLARED_SELECTOR = YES;
				GCC_WARN_UNINITIALIZED_AUTOS = YES_AGGRESSIVE;
				GCC_WARN_UNUSED_FUNCTION = YES;
				GCC_WARN_UNUSED_VARIABLE = YES;
				IPHONEOS_DEPLOYMENT_TARGET = 17.5;
				LOCALIZATION_PREFERS_STRING_CATALOGS = YES;
				MTL_ENABLE_DEBUG_INFO = INCLUDE_SOURCE;
				MTL_FAST_MATH = YES;
				ONLY_ACTIVE_ARCH = YES;
				SDKROOT = iphoneos;
				SWIFT_ACTIVE_COMPILATION_CONDITIONS = "DEBUG $(inherited)";
				SWIFT_OPTIMIZATION_LEVEL = "-Onone";
			};
			name = Debug;
		};
		7E7FC6F02C1CEC6F00C814C8 /* Release */ = {
			isa = XCBuildConfiguration;
			buildSettings = {
				ALWAYS_SEARCH_USER_PATHS = NO;
				ASSETCATALOG_COMPILER_GENERATE_SWIFT_ASSET_SYMBOL_EXTENSIONS = YES;
				CLANG_ANALYZER_NONNULL = YES;
				CLANG_ANALYZER_NUMBER_OBJECT_CONVERSION = YES_AGGRESSIVE;
				CLANG_CXX_LANGUAGE_STANDARD = "gnu++20";
				CLANG_ENABLE_MODULES = YES;
				CLANG_ENABLE_OBJC_ARC = YES;
				CLANG_ENABLE_OBJC_WEAK = YES;
				CLANG_WARN_BLOCK_CAPTURE_AUTORELEASING = YES;
				CLANG_WARN_BOOL_CONVERSION = YES;
				CLANG_WARN_COMMA = YES;
				CLANG_WARN_CONSTANT_CONVERSION = YES;
				CLANG_WARN_DEPRECATED_OBJC_IMPLEMENTATIONS = YES;
				CLANG_WARN_DIRECT_OBJC_ISA_USAGE = YES_ERROR;
				CLANG_WARN_DOCUMENTATION_COMMENTS = YES;
				CLANG_WARN_EMPTY_BODY = YES;
				CLANG_WARN_ENUM_CONVERSION = YES;
				CLANG_WARN_INFINITE_RECURSION = YES;
				CLANG_WARN_INT_CONVERSION = YES;
				CLANG_WARN_NON_LITERAL_NULL_CONVERSION = YES;
				CLANG_WARN_OBJC_IMPLICIT_RETAIN_SELF = YES;
				CLANG_WARN_OBJC_LITERAL_CONVERSION = YES;
				CLANG_WARN_OBJC_ROOT_CLASS = YES_ERROR;
				CLANG_WARN_QUOTED_INCLUDE_IN_FRAMEWORK_HEADER = YES;
				CLANG_WARN_RANGE_LOOP_ANALYSIS = YES;
				CLANG_WARN_STRICT_PROTOTYPES = YES;
				CLANG_WARN_SUSPICIOUS_MOVE = YES;
				CLANG_WARN_UNGUARDED_AVAILABILITY = YES_AGGRESSIVE;
				CLANG_WARN_UNREACHABLE_CODE = YES;
				CLANG_WARN__DUPLICATE_METHOD_MATCH = YES;
				COPY_PHASE_STRIP = NO;
				DEBUG_INFORMATION_FORMAT = "dwarf-with-dsym";
				ENABLE_NS_ASSERTIONS = NO;
				ENABLE_STRICT_OBJC_MSGSEND = YES;
				ENABLE_USER_SCRIPT_SANDBOXING = YES;
				GCC_C_LANGUAGE_STANDARD = gnu17;
				GCC_NO_COMMON_BLOCKS = YES;
				GCC_WARN_64_TO_32_BIT_CONVERSION = YES;
				GCC_WARN_ABOUT_RETURN_TYPE = YES_ERROR;
				GCC_WARN_UNDECLARED_SELECTOR = YES;
				GCC_WARN_UNINITIALIZED_AUTOS = YES_AGGRESSIVE;
				GCC_WARN_UNUSED_FUNCTION = YES;
				GCC_WARN_UNUSED_VARIABLE = YES;
				IPHONEOS_DEPLOYMENT_TARGET = 17.5;
				LOCALIZATION_PREFERS_STRING_CATALOGS = YES;
				MTL_ENABLE_DEBUG_INFO = NO;
				MTL_FAST_MATH = YES;
				SDKROOT = iphoneos;
				SWIFT_COMPILATION_MODE = wholemodule;
				VALIDATE_PRODUCT = YES;
			};
			name = Release;
		};
		7E7FC6F22C1CEC6F00C814C8 /* Debug */ = {
			isa = XCBuildConfiguration;
			buildSettings = {
				ASSETCATALOG_COMPILER_APPICON_NAME = AppIcon;
				ASSETCATALOG_COMPILER_GLOBAL_ACCENT_COLOR_NAME = AccentColor;
				CODE_SIGN_STYLE = Automatic;
				CURRENT_PROJECT_VERSION = 1;
				DEVELOPMENT_ASSET_PATHS = "\"ASL/Preview Content\"";
				DEVELOPMENT_TEAM = 655HH45MGC;
				ENABLE_PREVIEWS = YES;
				GENERATE_INFOPLIST_FILE = YES;
				INFOPLIST_KEY_LSApplicationCategoryType = "";
				INFOPLIST_KEY_NSCameraUsageDescription = "We need camera for hand pose classification";
				INFOPLIST_KEY_UIApplicationSceneManifest_Generation = YES;
				INFOPLIST_KEY_UIApplicationSupportsIndirectInputEvents = YES;
				INFOPLIST_KEY_UILaunchScreen_Generation = YES;
				INFOPLIST_KEY_UISupportedInterfaceOrientations_iPad = "UIInterfaceOrientationPortrait UIInterfaceOrientationPortraitUpsideDown UIInterfaceOrientationLandscapeLeft UIInterfaceOrientationLandscapeRight";
				INFOPLIST_KEY_UISupportedInterfaceOrientations_iPhone = "UIInterfaceOrientationPortrait UIInterfaceOrientationLandscapeLeft UIInterfaceOrientationLandscapeRight";
				IPHONEOS_DEPLOYMENT_TARGET = 17.2;
				LD_RUNPATH_SEARCH_PATHS = (
					"$(inherited)",
					"@executable_path/Frameworks",
				);
				MARKETING_VERSION = 1.0;
				PRODUCT_BUNDLE_IDENTIFIER = com.Litvinchuk.ASLClassifier1;
				PRODUCT_NAME = "$(TARGET_NAME)";
				SWIFT_EMIT_LOC_STRINGS = YES;
				SWIFT_VERSION = 5.0;
				TARGETED_DEVICE_FAMILY = "1,2";
			};
			name = Debug;
		};
		7E7FC6F32C1CEC6F00C814C8 /* Release */ = {
			isa = XCBuildConfiguration;
			buildSettings = {
				ASSETCATALOG_COMPILER_APPICON_NAME = AppIcon;
				ASSETCATALOG_COMPILER_GLOBAL_ACCENT_COLOR_NAME = AccentColor;
				CODE_SIGN_STYLE = Automatic;
				CURRENT_PROJECT_VERSION = 1;
				DEVELOPMENT_ASSET_PATHS = "\"ASL/Preview Content\"";
				DEVELOPMENT_TEAM = 655HH45MGC;
				ENABLE_PREVIEWS = YES;
				GENERATE_INFOPLIST_FILE = YES;
				INFOPLIST_KEY_LSApplicationCategoryType = "";
				INFOPLIST_KEY_NSCameraUsageDescription = "We need camera for hand pose classification";
				INFOPLIST_KEY_UIApplicationSceneManifest_Generation = YES;
				INFOPLIST_KEY_UIApplicationSupportsIndirectInputEvents = YES;
				INFOPLIST_KEY_UILaunchScreen_Generation = YES;
				INFOPLIST_KEY_UISupportedInterfaceOrientations_iPad = "UIInterfaceOrientationPortrait UIInterfaceOrientationPortraitUpsideDown UIInterfaceOrientationLandscapeLeft UIInterfaceOrientationLandscapeRight";
				INFOPLIST_KEY_UISupportedInterfaceOrientations_iPhone = "UIInterfaceOrientationPortrait UIInterfaceOrientationLandscapeLeft UIInterfaceOrientationLandscapeRight";
				IPHONEOS_DEPLOYMENT_TARGET = 17.2;
				LD_RUNPATH_SEARCH_PATHS = (
					"$(inherited)",
					"@executable_path/Frameworks",
				);
				MARKETING_VERSION = 1.0;
				PRODUCT_BUNDLE_IDENTIFIER = com.Litvinchuk.ASLClassifier1;
				PRODUCT_NAME = "$(TARGET_NAME)";
				SWIFT_EMIT_LOC_STRINGS = YES;
				SWIFT_VERSION = 5.0;
				TARGETED_DEVICE_FAMILY = "1,2";
			};
			name = Release;
		};
/* End XCBuildConfiguration section */

/* Begin XCConfigurationList section */
		7E7FC6DE2C1CEC6E00C814C8 /* Build configuration list for PBXProject "ASL" */ = {
			isa = XCConfigurationList;
			buildConfigurations = (
				7E7FC6EF2C1CEC6F00C814C8 /* Debug */,
				7E7FC6F02C1CEC6F00C814C8 /* Release */,
			);
			defaultConfigurationIsVisible = 0;
			defaultConfigurationName = Release;
		};
		7E7FC6F12C1CEC6F00C814C8 /* Build configuration list for PBXNativeTarget "ASL" */ = {
			isa = XCConfigurationList;
			buildConfigurations = (
				7E7FC6F22C1CEC6F00C814C8 /* Debug */,
				7E7FC6F32C1CEC6F00C814C8 /* Release */,
			);
			defaultConfigurationIsVisible = 0;
			defaultConfigurationName = Release;
		};
/* End XCConfigurationList section */
	};
	rootObject = 7E7FC6DB2C1CEC6E00C814C8 /* Project object */;
}
